{
    "requires": true,
    "lockfileVersion": 1,
    "dependencies": {
        "@nguniversal/common": {
            "version": "6.1.0",
            "resolved": "https://registry.npmjs.org/@nguniversal/common/-/common-6.1.0.tgz",
            "integrity": "sha512-eTRbI79mBhlWIrAcyCehO9xvmSXabjKRmHB+hHG4MMjkx8ApHHs0mn3KZctU9cjaMeAIVMcTpFzZBdbnpw9x+A=="
        }
    }
}
